// !$*UTF8*$!
{
	archiveVersion = 1;
	classes = {
	};
	objectVersion = 46;
	objects = {

/* Begin PBXBuildFile section */
		A0DF90371D5FB66500AD90DB /* AppDelegate.swift in Sources */ = {isa = PBXBuildFile; fileRef = A0DF90361D5FB66500AD90DB /* AppDelegate.swift */; };
		A0DF90391D5FB66500AD90DB /* ViewController.swift in Sources */ = {isa = PBXBuildFile; fileRef = A0DF90381D5FB66500AD90DB /* ViewController.swift */; };
		A0DF903C1D5FB66500AD90DB /* Main.storyboard in Resources */ = {isa = PBXBuildFile; fileRef = A0DF903A1D5FB66500AD90DB /* Main.storyboard */; };
		A0DF903E1D5FB66500AD90DB /* Assets.xcassets in Resources */ = {isa = PBXBuildFile; fileRef = A0DF903D1D5FB66500AD90DB /* Assets.xcassets */; };
		A0DF90411D5FB66500AD90DB /* LaunchScreen.storyboard in Resources */ = {isa = PBXBuildFile; fileRef = A0DF903F1D5FB66500AD90DB /* LaunchScreen.storyboard */; };
		A0DF90491D5FB69F00AD90DB /* MapKit.framework in Frameworks */ = {isa = PBXBuildFile; fileRef = A0DF90481D5FB69F00AD90DB /* MapKit.framework */; };
		A0DF904B1D5FC56900AD90DB /* WebViewController.swift in Sources */ = {isa = PBXBuildFile; fileRef = A0DF904A1D5FC56900AD90DB /* WebViewController.swift */; };
/* End PBXBuildFile section */

/* Begin PBXFileReference section */
		A0DF90331D5FB66500AD90DB /* Mapa.app */ = {isa = PBXFileReference; explicitFileType = wrapper.application; includeInIndex = 0; path = Mapa.app; sourceTree = BUILT_PRODUCTS_DIR; };
		A0DF90361D5FB66500AD90DB /* AppDelegate.swift */ = {isa = PBXFileReference; lastKnownFileType = sourcecode.swift; path = AppDelegate.swift; sourceTree = "<group>"; };
		A0DF90381D5FB66500AD90DB /* ViewController.swift */ = {isa = PBXFileReference; lastKnownFileType = sourcecode.swift; path = ViewController.swift; sourceTree = "<group>"; };
		A0DF903B1D5FB66500AD90DB /* Base */ = {isa = PBXFileReference; lastKnownFileType = file.storyboard; name = Base; path = Base.lproj/Main.storyboard; sourceTree = "<group>"; };
		A0DF903D1D5FB66500AD90DB /* Assets.xcassets */ = {isa = PBXFileReference; lastKnownFileType = folder.assetcatalog; path = Assets.xcassets; sourceTree = "<group>"; };
		A0DF90401D5FB66500AD90DB /* Base */ = {isa = PBXFileReference; lastKnownFileType = file.storyboard; name = Base; path = Base.lproj/LaunchScreen.storyboard; sourceTree = "<group>"; };
		A0DF90421D5FB66500AD90DB /* Info.plist */ = {isa = PBXFileReference; lastKnownFileType = text.plist.xml; path = Info.plist; sourceTree = "<group>"; };
		A0DF90481D5FB69F00AD90DB /* MapKit.framework */ = {isa = PBXFileReference; lastKnownFileType = wrapper.framework; name = MapKit.framework; path = System/Library/Frameworks/MapKit.framework; sourceTree = SDKROOT; };
		A0DF904A1D5FC56900AD90DB /* WebViewController.swift */ = {isa = PBXFileReference; fileEncoding = 4; lastKnownFileType = sourcecode.swift; path = WebViewController.swift; sourceTree = "<group>"; };
/* End PBXFileReference section */

/* Begin PBXFrameworksBuildPhase section */
		A0DF90301D5FB66500AD90DB /* Frameworks */ = {
			isa = PBXFrameworksBuildPhase;
			buildActionMask = 2147483647;
			files = (
				A0DF90491D5FB69F00AD90DB /* MapKit.framework in Frameworks */,
			);
			runOnlyForDeploymentPostprocessing = 0;
		};
/* End PBXFrameworksBuildPhase section */

/* Begin PBXGroup section */
		A0DF902A1D5FB66500AD90DB = {
			isa = PBXGroup;
			children = (
				A0DF90481D5FB69F00AD90DB /* MapKit.framework */,
				A0DF90351D5FB66500AD90DB /* Mapa */,
				A0DF90341D5FB66500AD90DB /* Products */,
			);
			sourceTree = "<group>";
		};
		A0DF90341D5FB66500AD90DB /* Products */ = {
			isa = PBXGroup;
			children = (
				A0DF90331D5FB66500AD90DB /* Mapa.app */,
			);
			name = Products;
			sourceTree = "<group>";
		};
		A0DF90351D5FB66500AD90DB /* Mapa */ = {
			isa = PBXGroup;
			children = (
				A0DF90361D5FB66500AD90DB /* AppDelegate.swift */,
				A0DF90381D5FB66500AD90DB /* ViewController.swift */,
				A0DF903A1D5FB66500AD90DB /* Main.storyboard */,
				A0DF903D1D5FB66500AD90DB /* Assets.xcassets */,
				A0DF903F1D5FB66500AD90DB /* LaunchScreen.storyboard */,
				A0DF90421D5FB66500AD90DB /* Info.plist */,
				A0DF904A1D5FC56900AD90DB /* WebViewController.swift */,
			);
			path = Mapa;
			sourceTree = "<group>";
		};
/* End PBXGroup section */

/* Begin PBXNativeTarget section */
		A0DF90321D5FB66500AD90DB /* Mapa */ = {
			isa = PBXNativeTarget;
			buildConfigurationList = A0DF90451D5FB66500AD90DB /* Build configuration list for PBXNativeTarget "Mapa" */;
			buildPhases = (
				A0DF902F1D5FB66500AD90DB /* Sources */,
				A0DF90301D5FB66500AD90DB /* Frameworks */,
				A0DF90311D5FB66500AD90DB /* Resources */,
			);
			buildRules = (
			);
			dependencies = (
			);
			name = Mapa;
			productName = Mapa;
			productReference = A0DF90331D5FB66500AD90DB /* Mapa.app */;
			productType = "com.apple.product-type.application";
		};
/* End PBXNativeTarget section */

/* Begin PBXProject section */
		A0DF902B1D5FB66500AD90DB /* Project object */ = {
			isa = PBXProject;
			attributes = {
				LastSwiftUpdateCheck = 0730;
				LastUpgradeCheck = 0730;
				ORGANIZATIONNAME = "UNAM Mobile";
				TargetAttributes = {
					A0DF90321D5FB66500AD90DB = {
						CreatedOnToolsVersion = 7.3.1;
						SystemCapabilities = {
							com.apple.Maps.iOS = {
								enabled = 1;
							};
						};
					};
				};
			};
			buildConfigurationList = A0DF902E1D5FB66500AD90DB /* Build configuration list for PBXProject "Mapa" */;
			compatibilityVersion = "Xcode 3.2";
			developmentRegion = English;
			hasScannedForEncodings = 0;
			knownRegions = (
				en,
				Base,
			);
			mainGroup = A0DF902A1D5FB66500AD90DB;
			productRefGroup = A0DF90341D5FB66500AD90DB /* Products */;
			projectDirPath = "";
			projectRoot = "";
			targets = (
				A0DF90321D5FB66500AD90DB /* Mapa */,
			);
		};
/* End PBXProject section */

/* Begin PBXResourcesBuildPhase section */
		A0DF90311D5FB66500AD90DB /* Resources */ = {
			isa = PBXResourcesBuildPhase;
			buildActionMask = 2147483647;
			files = (
				A0DF90411D5FB66500AD90DB /* LaunchScreen.storyboard in Resources */,
				A0DF903E1D5FB66500AD90DB /* Assets.xcassets in Resources */,
				A0DF903C1D5FB66500AD90DB /* Main.storyboard in Resources */,
			);
			runOnlyForDeploymentPostprocessing = 0;
		};
/* End PBXResourcesBuildPhase section */

/* Begin PBXSourcesBuildPhase section */
		A0DF902F1D5FB66500AD90DB /* Sources */ = {
			isa = PBXSourcesBuildPhase;
			buildActionMask = 2147483647;
			files = (
				A0DF90391D5FB66500AD90DB /* ViewController.swift in Sources */,
				A0DF904B1D5FC56900AD90DB /* WebViewController.swift in Sources */,
				A0DF90371D5FB66500AD90DB /* AppDelegate.swift in Sources */,
			);
			runOnlyForDeploymentPostprocessing = 0;
		};
/* End PBXSourcesBuildPhase section */

/* Begin PBXVariantGroup section */
		A0DF903A1D5FB66500AD90DB /* Main.storyboard */ = {
			isa = PBXVariantGroup;
			children = (
				A0DF903B1D5FB66500AD90DB /* Base */,
			);
			name = Main.storyboard;
			sourceTree = "<group>";
		};
		A0DF903F1D5FB66500AD90DB /* LaunchScreen.storyboard */ = {
			isa = PBXVariantGroup;
			children = (
				A0DF90401D5FB66500AD90DB /* Base */,
			);
			name = LaunchScreen.storyboard;
			sourceTree = "<group>";
		};
/* End PBXVariantGroup section */

/* Begin XCBuildConfiguration section */
		A0DF90431D5FB66500AD90DB /* Debug */ = {
			isa = XCBuildConfiguration;
			buildSettings = {
				ALWAYS_SEARCH_USER_PATHS = NO;
				CLANG_ANALYZER_NONNULL = YES;
				CLANG_CXX_LANGUAGE_STANDARD = "gnu++0x";
				CLANG_CXX_LIBRARY = "libc++";
				CLANG_ENABLE_MODULES = YES;
				CLANG_ENABLE_OBJC_ARC = YES;
				CLANG_WARN_BOOL_CONVERSION = YES;
				CLANG_WARN_CONSTANT_CONVERSION = YES;
				CLANG_WARN_DIRECT_OBJC_ISA_USAGE = YES_ERROR;
				CLANG_WARN_EMPTY_BODY = YES;
				CLANG_WARN_ENUM_CONVERSION = YES;
				CLANG_WARN_INT_CONVERSION = YES;
				CLANG_WARN_OBJC_ROOT_CLASS = YES_ERROR;
				CLANG_WARN_UNREACHABLE_CODE = YES;
				CLANG_WARN__DUPLICATE_METHOD_MATCH = YES;
				"CODE_SIGN_IDENTITY[sdk=iphoneos*]" = "iPhone Developer";
				COPY_PHASE_STRIP = NO;
				DEBUG_INFORMATION_FORMAT = dwarf;
				ENABLE_STRICT_OBJC_MSGSEND = YES;
				ENABLE_TESTABILITY = YES;
				GCC_C_LANGUAGE_STANDARD = gnu99;
				GCC_DYNAMIC_NO_PIC = NO;
				GCC_NO_COMMON_BLOCKS = YES;
				GCC_OPTIMIZATION_LEVEL = 0;
				GCC_PREPROCESSOR_DEFINITIONS = (
					"DEBUG=1",
					"$(inherited)",
				);
				GCC_WARN_64_TO_32_BIT_CONVERSION = YES;
				GCC_WARN_ABOUT_RETURN_TYPE = YES_ERROR;
				GCC_WARN_UNDECLARED_SELECTOR = YES;
				GCC_WARN_UNINITIALIZED_AUTOS = YES_AGGRESSIVE;
				GCC_WARN_UNUSED_FUNCTION = YES;
				GCC_WARN_UNUSED_VARIABLE = YES;
				IPHONEOS_DEPLOYMENT_TARGET = 9.3;
				MTL_ENABLE_DEBUG_INFO = YES;
				ONLY_ACTIVE_ARCH = YES;
				SDKROOT = iphoneos;
				SWIFT_OPTIMIZATION_LEVEL = "-Onone";
			};
			name = Debug;
		};
		A0DF90441D5FB66500AD90DB /* Release */ = {
			isa = XCBuildConfiguration;
			buildSettings = {
				ALWAYS_SEARCH_USER_PATHS = NO;
				CLANG_ANALYZER_NONNULL = YES;
				CLANG_CXX_LANGUAGE_STANDARD = "gnu++0x";
				CLANG_CXX_LIBRARY = "libc++";
				CLANG_ENABLE_MODULES = YES;
				CLANG_ENABLE_OBJC_ARC = YES;
				CLANG_WARN_BOOL_CONVERSION = YES;
				CLANG_WARN_CONSTANT_CONVERSION = YES;
				CLANG_WARN_DIRECT_OBJC_ISA_USAGE = YES_ERROR;
				CLANG_WARN_EMPTY_BODY = YES;
				CLANG_WARN_ENUM_CONVERSION = YES;
				CLANG_WARN_INT_CONVERSION = YES;
				CLANG_WARN_OBJC_ROOT_CLASS = YES_ERROR;
				CLANG_WARN_UNREACHABLE_CODE = YES;
				CLANG_WARN__DUPLICATE_METHOD_MATCH = YES;
				"CODE_SIGN_IDENTITY[sdk=iphoneos*]" = "iPhone Developer";
				COPY_PHASE_STRIP = NO;
				DEBUG_INFORMATION_FORMAT = "dwarf-with-dsym";
				ENABLE_NS_ASSERTIONS = NO;
				ENABLE_STRICT_OBJC_MSGSEND = YES;
				GCC_C_LANGUAGE_STANDARD = gnu99;
				GCC_NO_COMMON_BLOCKS = YES;
				GCC_WARN_64_TO_32_BIT_CONVERSION = YES;
				GCC_WARN_ABOUT_RETURN_TYPE = YES_ERROR;
				GCC_WARN_UNDECLARED_SELECTOR = YES;
				GCC_WARN_UNINITIALIZED_AUTOS = YES_AGGRESSIVE;
				GCC_WARN_UNUSED_FUNCTION = YES;
				GCC_WARN_UNUSED_VARIABLE = YES;
				IPHONEOS_DEPLOYMENT_TARGET = 9.3;
				MTL_ENABLE_DEBUG_INFO = NO;
				SDKROOT = iphoneos;
				VALIDATE_PRODUCT = YES;
			};
			name = Release;
		};
		A0DF90461D5FB66500AD90DB /* Debug */ = {
			isa = XCBuildConfiguration;
			buildSettings = {
				ASSETCATALOG_COMPILER_APPICON_NAME = AppIcon;
				INFOPLIST_FILE = Mapa/Info.plist;
				LD_RUNPATH_SEARCH_PATHS = "$(inherited) @executable_path/Frameworks";
				PRODUCT_BUNDLE_IDENTIFIER = mx.mobile.Mapa;
				PRODUCT_NAME = "$(TARGET_NAME)";
			};
			name = Debug;
		};
		A0DF90471D5FB66500AD90DB /* Release */ = {
			isa = XCBuildConfiguration;
			buildSettings = {
				ASSETCATALOG_COMPILER_APPICON_NAME = AppIcon;
				INFOPLIST_FILE = Mapa/Info.plist;
				LD_RUNPATH_SEARCH_PATHS = "$(inherited) @executable_path/Frameworks";
				PRODUCT_BUNDLE_IDENTIFIER = mx.mobile.Mapa;
				PRODUCT_NAME = "$(TARGET_NAME)";
			};
			name = Release;
		};
/* End XCBuildConfiguration section */

/* Begin XCConfigurationList section */
		A0DF902E1D5FB66500AD90DB /* Build configuration list for PBXProject "Mapa" */ = {
			isa = XCConfigurationList;
			buildConfigurations = (
				A0DF90431D5FB66500AD90DB /* Debug */,
				A0DF90441D5FB66500AD90DB /* Release */,
			);
			defaultConfigurationIsVisible = 0;
			defaultConfigurationName = Release;
		};
		A0DF90451D5FB66500AD90DB /* Build configuration list for PBXNativeTarget "Mapa" */ = {
			isa = XCConfigurationList;
			buildConfigurations = (
				A0DF90461D5FB66500AD90DB /* Debug */,
				A0DF90471D5FB66500AD90DB /* Release */,
			);
			defaultConfigurationIsVisible = 0;
		};
/* End XCConfigurationList section */
	};
	rootObject = A0DF902B1D5FB66500AD90DB /* Project object */;
}
